// !$*UTF8*$!
{
	archiveVersion = 1;
	classes = {
	};
	objectVersion = 50;
	objects = {

/* Begin PBXBuildFile section */
		9A1FE1D420C0E7B900D32095 /* AppDelegate.swift in Sources */ = {isa = PBXBuildFile; fileRef = 9A1FE1D320C0E7B900D32095 /* AppDelegate.swift */; };
		9A1FE1D620C0E7B900D32095 /* ViewController.swift in Sources */ = {isa = PBXBuildFile; fileRef = 9A1FE1D520C0E7B900D32095 /* ViewController.swift */; };
		9A1FE1D920C0E7B900D32095 /* Main.storyboard in Resources */ = {isa = PBXBuildFile; fileRef = 9A1FE1D720C0E7B900D32095 /* Main.storyboard */; };
		9A1FE1DC20C0E7B900D32095 /* firecracker.xcdatamodeld in Sources */ = {isa = PBXBuildFile; fileRef = 9A1FE1DA20C0E7B900D32095 /* firecracker.xcdatamodeld */; };
		9A1FE1DE20C0E7BA00D32095 /* Assets.xcassets in Resources */ = {isa = PBXBuildFile; fileRef = 9A1FE1DD20C0E7BA00D32095 /* Assets.xcassets */; };
		9A1FE1E120C0E7BA00D32095 /* LaunchScreen.storyboard in Resources */ = {isa = PBXBuildFile; fileRef = 9A1FE1DF20C0E7BA00D32095 /* LaunchScreen.storyboard */; };
		9A1FE1E920C1A64000D32095 /* firecracker.scn in Resources */ = {isa = PBXBuildFile; fileRef = 9A1FE1E820C1A64000D32095 /* firecracker.scn */; };
		9A1FE1F120C1A83600D32095 /* purple_firecracker.jpg in Resources */ = {isa = PBXBuildFile; fileRef = 9A1FE1ED20C1A83500D32095 /* purple_firecracker.jpg */; };
		9A1FE1F220C1A83600D32095 /* red_firecracker.jpg in Resources */ = {isa = PBXBuildFile; fileRef = 9A1FE1EE20C1A83500D32095 /* red_firecracker.jpg */; };
		9A1FE1F320C1A83600D32095 /* gray_firecracker.jpg in Resources */ = {isa = PBXBuildFile; fileRef = 9A1FE1EF20C1A83500D32095 /* gray_firecracker.jpg */; };
		9A1FE1F420C1A83600D32095 /* blue_firecracker.jpg in Resources */ = {isa = PBXBuildFile; fileRef = 9A1FE1F020C1A83600D32095 /* blue_firecracker.jpg */; };
		9A66FC6020C300B600FFAF65 /* spark.png in Resources */ = {isa = PBXBuildFile; fileRef = 9A66FC5E20C300B600FFAF65 /* spark.png */; };
		9A66FC6120C300B600FFAF65 /* fire.scnp in Resources */ = {isa = PBXBuildFile; fileRef = 9A66FC5F20C300B600FFAF65 /* fire.scnp */; };
		9AA944C120C306380003E31D /* Explode.scnp in Resources */ = {isa = PBXBuildFile; fileRef = 9AA944C020C306380003E31D /* Explode.scnp */; };
		9AA944C320C306530003E31D /* CircleParticle.png in Resources */ = {isa = PBXBuildFile; fileRef = 9AA944C220C306530003E31D /* CircleParticle.png */; };
		9AC4BE5C20C44D8300259387 /* firebox.png in Resources */ = {isa = PBXBuildFile; fileRef = 9AC4BE5B20C44D8200259387 /* firebox.png */; };
/* End PBXBuildFile section */

/* Begin PBXFileReference section */
		9A1FE1D020C0E7B900D32095 /* firecracker.app */ = {isa = PBXFileReference; explicitFileType = wrapper.application; includeInIndex = 0; path = firecracker.app; sourceTree = BUILT_PRODUCTS_DIR; };
		9A1FE1D320C0E7B900D32095 /* AppDelegate.swift */ = {isa = PBXFileReference; lastKnownFileType = sourcecode.swift; path = AppDelegate.swift; sourceTree = "<group>"; };
		9A1FE1D520C0E7B900D32095 /* ViewController.swift */ = {isa = PBXFileReference; lastKnownFileType = sourcecode.swift; path = ViewController.swift; sourceTree = "<group>"; };
		9A1FE1D820C0E7B900D32095 /* Base */ = {isa = PBXFileReference; lastKnownFileType = file.storyboard; name = Base; path = Base.lproj/Main.storyboard; sourceTree = "<group>"; };
		9A1FE1DB20C0E7B900D32095 /* firecracker.xcdatamodel */ = {isa = PBXFileReference; lastKnownFileType = wrapper.xcdatamodel; path = firecracker.xcdatamodel; sourceTree = "<group>"; };
		9A1FE1DD20C0E7BA00D32095 /* Assets.xcassets */ = {isa = PBXFileReference; lastKnownFileType = folder.assetcatalog; path = Assets.xcassets; sourceTree = "<group>"; };
		9A1FE1E020C0E7BA00D32095 /* Base */ = {isa = PBXFileReference; lastKnownFileType = file.storyboard; name = Base; path = Base.lproj/LaunchScreen.storyboard; sourceTree = "<group>"; };
		9A1FE1E220C0E7BA00D32095 /* Info.plist */ = {isa = PBXFileReference; lastKnownFileType = text.plist.xml; path = Info.plist; sourceTree = "<group>"; };
		9A1FE1E820C1A64000D32095 /* firecracker.scn */ = {isa = PBXFileReference; lastKnownFileType = file.bplist; path = firecracker.scn; sourceTree = "<group>"; };
		9A1FE1ED20C1A83500D32095 /* purple_firecracker.jpg */ = {isa = PBXFileReference; lastKnownFileType = image.jpeg; path = purple_firecracker.jpg; sourceTree = "<group>"; };
		9A1FE1EE20C1A83500D32095 /* red_firecracker.jpg */ = {isa = PBXFileReference; lastKnownFileType = image.jpeg; path = red_firecracker.jpg; sourceTree = "<group>"; };
		9A1FE1EF20C1A83500D32095 /* gray_firecracker.jpg */ = {isa = PBXFileReference; lastKnownFileType = image.jpeg; path = gray_firecracker.jpg; sourceTree = "<group>"; };
		9A1FE1F020C1A83600D32095 /* blue_firecracker.jpg */ = {isa = PBXFileReference; lastKnownFileType = image.jpeg; path = blue_firecracker.jpg; sourceTree = "<group>"; };
		9A66FC5E20C300B600FFAF65 /* spark.png */ = {isa = PBXFileReference; lastKnownFileType = image.png; path = spark.png; sourceTree = "<group>"; };
		9A66FC5F20C300B600FFAF65 /* fire.scnp */ = {isa = PBXFileReference; lastKnownFileType = file.scp; path = fire.scnp; sourceTree = "<group>"; };
		9AA944C020C306380003E31D /* Explode.scnp */ = {isa = PBXFileReference; lastKnownFileType = file.scp; path = Explode.scnp; sourceTree = "<group>"; };
		9AA944C220C306530003E31D /* CircleParticle.png */ = {isa = PBXFileReference; lastKnownFileType = image.png; path = CircleParticle.png; sourceTree = "<group>"; };
		9AC4BE5B20C44D8200259387 /* firebox.png */ = {isa = PBXFileReference; lastKnownFileType = image.png; path = firebox.png; sourceTree = "<group>"; };
/* End PBXFileReference section */

/* Begin PBXFrameworksBuildPhase section */
		9A1FE1CD20C0E7B900D32095 /* Frameworks */ = {
			isa = PBXFrameworksBuildPhase;
			buildActionMask = 2147483647;
			files = (
			);
			runOnlyForDeploymentPostprocessing = 0;
		};
/* End PBXFrameworksBuildPhase section */

/* Begin PBXGroup section */
		9A1FE1C720C0E7B800D32095 = {
			isa = PBXGroup;
			children = (
				9A1FE1D220C0E7B900D32095 /* firecracker */,
				9A1FE1D120C0E7B900D32095 /* Products */,
			);
			sourceTree = "<group>";
		};
		9A1FE1D120C0E7B900D32095 /* Products */ = {
			isa = PBXGroup;
			children = (
				9A1FE1D020C0E7B900D32095 /* firecracker.app */,
			);
			name = Products;
			sourceTree = "<group>";
		};
		9A1FE1D220C0E7B900D32095 /* firecracker */ = {
			isa = PBXGroup;
			children = (
				9A1FE1D320C0E7B900D32095 /* AppDelegate.swift */,
				9A1FE1D520C0E7B900D32095 /* ViewController.swift */,
				9A1FE1D720C0E7B900D32095 /* Main.storyboard */,
				9A66FC5D20C3002300FFAF65 /* Particles */,
				9A1FE1F520C1A83E00D32095 /* Models */,
				9A1FE1DD20C0E7BA00D32095 /* Assets.xcassets */,
				9A1FE1DF20C0E7BA00D32095 /* LaunchScreen.storyboard */,
				9A1FE1E220C0E7BA00D32095 /* Info.plist */,
				9A1FE1DA20C0E7B900D32095 /* firecracker.xcdatamodeld */,
			);
			path = firecracker;
			sourceTree = "<group>";
		};
		9A1FE1F520C1A83E00D32095 /* Models */ = {
			isa = PBXGroup;
			children = (
				9A1FE1E820C1A64000D32095 /* firecracker.scn */,
				9AC4BE5B20C44D8200259387 /* firebox.png */,
				9A1FE1F020C1A83600D32095 /* blue_firecracker.jpg */,
				9A1FE1EF20C1A83500D32095 /* gray_firecracker.jpg */,
				9A1FE1EE20C1A83500D32095 /* red_firecracker.jpg */,
				9A1FE1ED20C1A83500D32095 /* purple_firecracker.jpg */,
			);
			path = Models;
			sourceTree = "<group>";
		};
		9A66FC5D20C3002300FFAF65 /* Particles */ = {
			isa = PBXGroup;
			children = (
				9A66FC5E20C300B600FFAF65 /* spark.png */,
				9AA944C220C306530003E31D /* CircleParticle.png */,
				9AA944C020C306380003E31D /* Explode.scnp */,
				9A66FC5F20C300B600FFAF65 /* fire.scnp */,
			);
			path = Particles;
			sourceTree = "<group>";
		};
/* End PBXGroup section */

/* Begin PBXNativeTarget section */
		9A1FE1CF20C0E7B900D32095 /* firecracker */ = {
			isa = PBXNativeTarget;
			buildConfigurationList = 9A1FE1E520C0E7BA00D32095 /* Build configuration list for PBXNativeTarget "firecracker" */;
			buildPhases = (
				9A1FE1CC20C0E7B900D32095 /* Sources */,
				9A1FE1CD20C0E7B900D32095 /* Frameworks */,
				9A1FE1CE20C0E7B900D32095 /* Resources */,
			);
			buildRules = (
			);
			dependencies = (
			);
			name = firecracker;
			productName = firecracker;
			productReference = 9A1FE1D020C0E7B900D32095 /* firecracker.app */;
			productType = "com.apple.product-type.application";
		};
/* End PBXNativeTarget section */

/* Begin PBXProject section */
		9A1FE1C820C0E7B800D32095 /* Project object */ = {
			isa = PBXProject;
			attributes = {
				LastSwiftUpdateCheck = 0930;
				LastUpgradeCheck = 0930;
				ORGANIZATIONNAME = "Huaiyu Lin";
				TargetAttributes = {
					9A1FE1CF20C0E7B900D32095 = {
						CreatedOnToolsVersion = 9.3.1;
					};
				};
			};
			buildConfigurationList = 9A1FE1CB20C0E7B800D32095 /* Build configuration list for PBXProject "firecracker" */;
			compatibilityVersion = "Xcode 9.3";
			developmentRegion = en;
			hasScannedForEncodings = 0;
			knownRegions = (
				en,
				Base,
			);
			mainGroup = 9A1FE1C720C0E7B800D32095;
			productRefGroup = 9A1FE1D120C0E7B900D32095 /* Products */;
			projectDirPath = "";
			projectRoot = "";
			targets = (
				9A1FE1CF20C0E7B900D32095 /* firecracker */,
			);
		};
/* End PBXProject section */

/* Begin PBXResourcesBuildPhase section */
		9A1FE1CE20C0E7B900D32095 /* Resources */ = {
			isa = PBXResourcesBuildPhase;
			buildActionMask = 2147483647;
			files = (
				9A1FE1E120C0E7BA00D32095 /* LaunchScreen.storyboard in Resources */,
				9A66FC6120C300B600FFAF65 /* fire.scnp in Resources */,
				9A66FC6020C300B600FFAF65 /* spark.png in Resources */,
				9AA944C320C306530003E31D /* CircleParticle.png in Resources */,
				9A1FE1DE20C0E7BA00D32095 /* Assets.xcassets in Resources */,
				9A1FE1E920C1A64000D32095 /* firecracker.scn in Resources */,
				9AA944C120C306380003E31D /* Explode.scnp in Resources */,
				9A1FE1F420C1A83600D32095 /* blue_firecracker.jpg in Resources */,
				9AC4BE5C20C44D8300259387 /* firebox.png in Resources */,
				9A1FE1F320C1A83600D32095 /* gray_firecracker.jpg in Resources */,
				9A1FE1D920C0E7B900D32095 /* Main.storyboard in Resources */,
				9A1FE1F120C1A83600D32095 /* purple_firecracker.jpg in Resources */,
				9A1FE1F220C1A83600D32095 /* red_firecracker.jpg in Resources */,
			);
			runOnlyForDeploymentPostprocessing = 0;
		};
/* End PBXResourcesBuildPhase section */

/* Begin PBXSourcesBuildPhase section */
		9A1FE1CC20C0E7B900D32095 /* Sources */ = {
			isa = PBXSourcesBuildPhase;
			buildActionMask = 2147483647;
			files = (
				9A1FE1D620C0E7B900D32095 /* ViewController.swift in Sources */,
				9A1FE1DC20C0E7B900D32095 /* firecracker.xcdatamodeld in Sources */,
				9A1FE1D420C0E7B900D32095 /* AppDelegate.swift in Sources */,
			);
			runOnlyForDeploymentPostprocessing = 0;
		};
/* End PBXSourcesBuildPhase section */

/* Begin PBXVariantGroup section */
		9A1FE1D720C0E7B900D32095 /* Main.storyboard */ = {
			isa = PBXVariantGroup;
			children = (
				9A1FE1D820C0E7B900D32095 /* Base */,
			);
			name = Main.storyboard;
			sourceTree = "<group>";
		};
		9A1FE1DF20C0E7BA00D32095 /* LaunchScreen.storyboard */ = {
			isa = PBXVariantGroup;
			children = (
				9A1FE1E020C0E7BA00D32095 /* Base */,
			);
			name = LaunchScreen.storyboard;
			sourceTree = "<group>";
		};
/* End PBXVariantGroup section */

/* Begin XCBuildConfiguration section */
		9A1FE1E320C0E7BA00D32095 /* Debug */ = {
			isa = XCBuildConfiguration;
			buildSettings = {
				ALWAYS_SEARCH_USER_PATHS = NO;
				CLANG_ANALYZER_NONNULL = YES;
				CLANG_ANALYZER_NUMBER_OBJECT_CONVERSION = YES_AGGRESSIVE;
				CLANG_CXX_LANGUAGE_STANDARD = "gnu++14";
				CLANG_CXX_LIBRARY = "libc++";
				CLANG_ENABLE_MODULES = YES;
				CLANG_ENABLE_OBJC_ARC = YES;
				CLANG_ENABLE_OBJC_WEAK = YES;
				CLANG_WARN_BLOCK_CAPTURE_AUTORELEASING = YES;
				CLANG_WARN_BOOL_CONVERSION = YES;
				CLANG_WARN_COMMA = YES;
				CLANG_WARN_CONSTANT_CONVERSION = YES;
				CLANG_WARN_DEPRECATED_OBJC_IMPLEMENTATIONS = YES;
				CLANG_WARN_DIRECT_OBJC_ISA_USAGE = YES_ERROR;
				CLANG_WARN_DOCUMENTATION_COMMENTS = YES;
				CLANG_WARN_EMPTY_BODY = YES;
				CLANG_WARN_ENUM_CONVERSION = YES;
				CLANG_WARN_INFINITE_RECURSION = YES;
				CLANG_WARN_INT_CONVERSION = YES;
				CLANG_WARN_NON_LITERAL_NULL_CONVERSION = YES;
				CLANG_WARN_OBJC_IMPLICIT_RETAIN_SELF = YES;
				CLANG_WARN_OBJC_LITERAL_CONVERSION = YES;
				CLANG_WARN_OBJC_ROOT_CLASS = YES_ERROR;
				CLANG_WARN_RANGE_LOOP_ANALYSIS = YES;
				CLANG_WARN_STRICT_PROTOTYPES = YES;
				CLANG_WARN_SUSPICIOUS_MOVE = YES;
				CLANG_WARN_UNGUARDED_AVAILABILITY = YES_AGGRESSIVE;
				CLANG_WARN_UNREACHABLE_CODE = YES;
				CLANG_WARN__DUPLICATE_METHOD_MATCH = YES;
				CODE_SIGN_IDENTITY = "iPhone Developer";
				COPY_PHASE_STRIP = NO;
				DEBUG_INFORMATION_FORMAT = dwarf;
				ENABLE_STRICT_OBJC_MSGSEND = YES;
				ENABLE_TESTABILITY = YES;
				GCC_C_LANGUAGE_STANDARD = gnu11;
				GCC_DYNAMIC_NO_PIC = NO;
				GCC_NO_COMMON_BLOCKS = YES;
				GCC_OPTIMIZATION_LEVEL = 0;
				GCC_PREPROCESSOR_DEFINITIONS = (
					"DEBUG=1",
					"$(inherited)",
				);
				GCC_WARN_64_TO_32_BIT_CONVERSION = YES;
				GCC_WARN_ABOUT_RETURN_TYPE = YES_ERROR;
				GCC_WARN_UNDECLARED_SELECTOR = YES;
				GCC_WARN_UNINITIALIZED_AUTOS = YES_AGGRESSIVE;
				GCC_WARN_UNUSED_FUNCTION = YES;
				GCC_WARN_UNUSED_VARIABLE = YES;
				IPHONEOS_DEPLOYMENT_TARGET = 11.3;
				MTL_ENABLE_DEBUG_INFO = YES;
				ONLY_ACTIVE_ARCH = YES;
				SDKROOT = iphoneos;
				SWIFT_ACTIVE_COMPILATION_CONDITIONS = DEBUG;
				SWIFT_OPTIMIZATION_LEVEL = "-Onone";
			};
			name = Debug;
		};
		9A1FE1E420C0E7BA00D32095 /* Release */ = {
			isa = XCBuildConfiguration;
			buildSettings = {
				ALWAYS_SEARCH_USER_PATHS = NO;
				CLANG_ANALYZER_NONNULL = YES;
				CLANG_ANALYZER_NUMBER_OBJECT_CONVERSION = YES_AGGRESSIVE;
				CLANG_CXX_LANGUAGE_STANDARD = "gnu++14";
				CLANG_CXX_LIBRARY = "libc++";
				CLANG_ENABLE_MODULES = YES;
				CLANG_ENABLE_OBJC_ARC = YES;
				CLANG_ENABLE_OBJC_WEAK = YES;
				CLANG_WARN_BLOCK_CAPTURE_AUTORELEASING = YES;
				CLANG_WARN_BOOL_CONVERSION = YES;
				CLANG_WARN_COMMA = YES;
				CLANG_WARN_CONSTANT_CONVERSION = YES;
				CLANG_WARN_DEPRECATED_OBJC_IMPLEMENTATIONS = YES;
				CLANG_WARN_DIRECT_OBJC_ISA_USAGE = YES_ERROR;
				CLANG_WARN_DOCUMENTATION_COMMENTS = YES;
				CLANG_WARN_EMPTY_BODY = YES;
				CLANG_WARN_ENUM_CONVERSION = YES;
				CLANG_WARN_INFINITE_RECURSION = YES;
				CLANG_WARN_INT_CONVERSION = YES;
				CLANG_WARN_NON_LITERAL_NULL_CONVERSION = YES;
				CLANG_WARN_OBJC_IMPLICIT_RETAIN_SELF = YES;
				CLANG_WARN_OBJC_LITERAL_CONVERSION = YES;
				CLANG_WARN_OBJC_ROOT_CLASS = YES_ERROR;
				CLANG_WARN_RANGE_LOOP_ANALYSIS = YES;
				CLANG_WARN_STRICT_PROTOTYPES = YES;
				CLANG_WARN_SUSPICIOUS_MOVE = YES;
				CLANG_WARN_UNGUARDED_AVAILABILITY = YES_AGGRESSIVE;
				CLANG_WARN_UNREACHABLE_CODE = YES;
				CLANG_WARN__DUPLICATE_METHOD_MATCH = YES;
				CODE_SIGN_IDENTITY = "iPhone Developer";
				COPY_PHASE_STRIP = NO;
				DEBUG_INFORMATION_FORMAT = "dwarf-with-dsym";
				ENABLE_NS_ASSERTIONS = NO;
				ENABLE_STRICT_OBJC_MSGSEND = YES;
				GCC_C_LANGUAGE_STANDARD = gnu11;
				GCC_NO_COMMON_BLOCKS = YES;
				GCC_WARN_64_TO_32_BIT_CONVERSION = YES;
				GCC_WARN_ABOUT_RETURN_TYPE = YES_ERROR;
				GCC_WARN_UNDECLARED_SELECTOR = YES;
				GCC_WARN_UNINITIALIZED_AUTOS = YES_AGGRESSIVE;
				GCC_WARN_UNUSED_FUNCTION = YES;
				GCC_WARN_UNUSED_VARIABLE = YES;
				IPHONEOS_DEPLOYMENT_TARGET = 11.3;
				MTL_ENABLE_DEBUG_INFO = NO;
				SDKROOT = iphoneos;
				SWIFT_COMPILATION_MODE = wholemodule;
				SWIFT_OPTIMIZATION_LEVEL = "-O";
				VALIDATE_PRODUCT = YES;
			};
			name = Release;
		};
		9A1FE1E620C0E7BA00D32095 /* Debug */ = {
			isa = XCBuildConfiguration;
			buildSettings = {
				ASSETCATALOG_COMPILER_APPICON_NAME = AppIcon;
				CODE_SIGN_STYLE = Automatic;
				DEVELOPMENT_TEAM = BHP8ZZGLVM;
				INFOPLIST_FILE = firecracker/Info.plist;
				LD_RUNPATH_SEARCH_PATHS = (
					"$(inherited)",
					"@executable_path/Frameworks",
				);
				PRODUCT_BUNDLE_IDENTIFIER = com.huaiyulin.pokemongod;
				PRODUCT_NAME = "$(TARGET_NAME)";
				SWIFT_VERSION = 4.0;
				TARGETED_DEVICE_FAMILY = "1,2";
			};
			name = Debug;
		};
		9A1FE1E720C0E7BA00D32095 /* Release */ = {
			isa = XCBuildConfiguration;
			buildSettings = {
				ASSETCATALOG_COMPILER_APPICON_NAME = AppIcon;
				CODE_SIGN_STYLE = Automatic;
				DEVELOPMENT_TEAM = BHP8ZZGLVM;
				INFOPLIST_FILE = firecracker/Info.plist;
				LD_RUNPATH_SEARCH_PATHS = (
					"$(inherited)",
					"@executable_path/Frameworks",
				);
				PRODUCT_BUNDLE_IDENTIFIER = com.huaiyulin.pokemongod;
				PRODUCT_NAME = "$(TARGET_NAME)";
				SWIFT_VERSION = 4.0;
				TARGETED_DEVICE_FAMILY = "1,2";
			};
			name = Release;
		};
/* End XCBuildConfiguration section */

/* Begin XCConfigurationList section */
		9A1FE1CB20C0E7B800D32095 /* Build configuration list for PBXProject "firecracker" */ = {
			isa = XCConfigurationList;
			buildConfigurations = (
				9A1FE1E320C0E7BA00D32095 /* Debug */,
				9A1FE1E420C0E7BA00D32095 /* Release */,
			);
			defaultConfigurationIsVisible = 0;
			defaultConfigurationName = Release;
		};
		9A1FE1E520C0E7BA00D32095 /* Build configuration list for PBXNativeTarget "firecracker" */ = {
			isa = XCConfigurationList;
			buildConfigurations = (
				9A1FE1E620C0E7BA00D32095 /* Debug */,
				9A1FE1E720C0E7BA00D32095 /* Release */,
			);
			defaultConfigurationIsVisible = 0;
			defaultConfigurationName = Release;
		};
/* End XCConfigurationList section */

/* Begin XCVersionGroup section */
		9A1FE1DA20C0E7B900D32095 /* firecracker.xcdatamodeld */ = {
			isa = XCVersionGroup;
			children = (
				9A1FE1DB20C0E7B900D32095 /* firecracker.xcdatamodel */,
			);
			currentVersion = 9A1FE1DB20C0E7B900D32095 /* firecracker.xcdatamodel */;
			path = firecracker.xcdatamodeld;
			sourceTree = "<group>";
			versionGroupType = wrapper.xcdatamodel;
		};
/* End XCVersionGroup section */
	};
	rootObject = 9A1FE1C820C0E7B800D32095 /* Project object */;
}
